# This file was autogenerated by Stack.
# You should not edit this file by hand.
# For more information, please see the documentation at:
#   https://docs.haskellstack.org/en/stable/lock_files

packages:
- completed:
    hackage: souffle-haskell-3.4.0@sha256:eff3243641adbc8864bbf4e9f96518695881d73fef434898569413e5ecfcab0e,11625
    pantry-tree:
      sha256: 099c0d0fe6f8ff77de2ddab42a5cb3f8b83daa0fbd65512feed4c75e0c7a9132
      size: 5045
  original:
    hackage: souffle-haskell-3.4.0
- completed:
    hackage: type-errors-pretty-0.0.1.2@sha256:9042b64d1ac2f69aa55690576504a2397ebea8a6a55332242c88f54027c7eb57,2781
    pantry-tree:
      sha256: 9a9076d1392b2423c083964c1e630cb99981dfcd1ada3d2b53d81217198ff576
      size: 339
  original:
    hackage: type-errors-pretty-0.0.1.2@sha256:9042b64d1ac2f69aa55690576504a2397ebea8a6a55332242c88f54027c7eb57,2781
- completed:
    hackage: async-pool-0.9.1@sha256:4015140f896c3f1652b06a679b0ade2717d05557970c283ea2c372a71be2a6a1,1605
    pantry-tree:
      sha256: 525b46e6a39c80b7461e8cd146d540c27d47abc717b746ff34c21aa9b1c47743
      size: 443
  original:
    hackage: async-pool-0.9.1@sha256:4015140f896c3f1652b06a679b0ade2717d05557970c283ea2c372a71be2a6a1,1605
- completed:
    commit: ac9616b94cb8c4a9e07188d19979a6225ebd5a10
    git: https://github.com/TeofilC/digest
    name: digest
    pantry-tree:
      sha256: 0dd2d847aebc95b064a75af09105c8d5c4a4cc92dec48e504c627661ec145c2d
      size: 733
    version: 0.0.1.7
  original:
    commit: ac9616b94cb8c4a9e07188d19979a6225ebd5a10
    git: https://github.com/TeofilC/digest
- completed:
    commit: 9d7a96a0b831f980d8c9d5a30a9185b64fbbfa31
    git: https://github.com/grin-compiler/ghc-whole-program-compiler-project
    name: external-stg
    pantry-tree:
      sha256: 2f87458fec844aff8161c25e8932d7024e909cc56dfc1a1f934f09a28e283bd8
      size: 1084
    subdir: external-stg
    version: 0.1.0.1
  original:
    commit: 9d7a96a0b831f980d8c9d5a30a9185b64fbbfa31
    git: https://github.com/grin-compiler/ghc-whole-program-compiler-project
    subdir: external-stg
- completed:
    commit: 9d7a96a0b831f980d8c9d5a30a9185b64fbbfa31
    git: https://github.com/grin-compiler/ghc-whole-program-compiler-project
    name: external-stg-syntax
    pantry-tree:
      sha256: 7839732c99f760c92b6b12dfe90745d07acca1f4282cad04087d9d63db5fecaa
      size: 268
    subdir: external-stg-syntax
    version: 1.0.1
  original:
    commit: 9d7a96a0b831f980d8c9d5a30a9185b64fbbfa31
    git: https://github.com/grin-compiler/ghc-whole-program-compiler-project
    subdir: external-stg-syntax
- completed:
    commit: 9d7a96a0b831f980d8c9d5a30a9185b64fbbfa31
    git: https://github.com/grin-compiler/ghc-whole-program-compiler-project
    name: external-stg-interpreter
    pantry-tree:
      sha256: d296571bee5b9ce9e7bb3c4f63b59bd1077a1f90881d9e3524e11017fefdcc2a
      size: 6662
    subdir: external-stg-interpreter
    version: 0.1.0.1
  original:
    commit: 9d7a96a0b831f980d8c9d5a30a9185b64fbbfa31
    git: https://github.com/grin-compiler/ghc-whole-program-compiler-project
    subdir: external-stg-interpreter
snapshots:
- completed:
    sha256: 9fa4bece7acfac1fc7930c5d6e24606004b09e80aa0e52e9f68b148201008db9
    size: 649606
    url: https://raw.githubusercontent.com/commercialhaskell/stackage-snapshots/master/lts/20/18.yaml
  original: lts-20.18
